<?xml version="1.0" encoding="utf-8"?>
<Project ToolsVersion="4.0" xmlns="http://schemas.microsoft.com/developer/msbuild/2003">
  <ItemGroup>
    <FxCompile Include="HLSL\Basic_PS.hlsl">
      <Filter>Effect</Filter>
    </FxCompile>
    <FxCompile Include="HLSL\BasicInstance_VS.hlsl">
      <Filter>Effect</Filter>
    </FxCompile>
    <FxCompile Include="HLSL\BasicObject_VS.hlsl">
      <Filter>Effect</Filter>
    </FxCompile>
    <FxCompile Include="HLSL\Sky_PS.hlsl">
      <Filter>Effect</Filter>
    </FxCompile>
    <FxCompile Include="HLSL\Sky_VS.hlsl">
      <Filter>Effect</Filter>
    </FxCompile>
  </ItemGroup>
  <ItemGroup>
    <ClCompile Include="BasicEffect.cpp">
      <Filter>Effect</Filter>
    </ClCompile>
    <ClCompile Include="Camera.cpp">
      <Filter>Common</Filter>
    </ClCompile>
    <ClCompile Include="Collision.cpp">
      <Filter>Common</Filter>
    </ClCompile>
    <ClCompile Include="DDSTextureLoader.cpp">
      <Filter>Common</Filter>
    </ClCompile>
    <ClCompile Include="DXTrace.cpp">
      <Filter>Common</Filter>
    </ClCompile>
    <ClCompile Include="GameTimer.cpp">
      <Filter>Common</Filter>
    </ClCompile>
    <ClCompile Include="Keyboard.cpp">
      <Filter>Common</Filter>
    </ClCompile>
    <ClCompile Include="LoadModel.cpp">
      <Filter>Source</Filter>
    </ClCompile>
    <ClCompile Include="Main.cpp">
      <Filter>Source</Filter>
    </ClCompile>
    <ClCompile Include="MiniTown.cpp">
      <Filter>Source</Filter>
    </ClCompile>
    <ClCompile Include="MiniTownSettings.cpp">
      <Filter>Source</Filter>
    </ClCompile>
    <ClCompile Include="Model.cpp">
      <Filter>Source</Filter>
    </ClCompile>
    <ClCompile Include="Realize.cpp">
      <Filter>Source</Filter>
    </ClCompile>
    <ClCompile Include="Render.cpp">
      <Filter>Source</Filter>
    </ClCompile>
    <ClCompile Include="Mouse.cpp">
      <Filter>Common</Filter>
    </ClCompile>
    <ClCompile Include="SkyBox.cpp">
      <Filter>Effect</Filter>
    </ClCompile>
    <ClCompile Include="SkyEffect.cpp">
      <Filter>Effect</Filter>
    </ClCompile>
    <ClCompile Include="Tex.cpp">
      <Filter>Source</Filter>
    </ClCompile>
    <ClCompile Include="Transformation.cpp">
      <Filter>Source</Filter>
    </ClCompile>
    <ClCompile Include="Vertex.cpp">
      <Filter>Source</Filter>
    </ClCompile>
    <ClCompile Include="WICTextureLoader.cpp">
      <Filter>Common</Filter>
    </ClCompile>
  </ItemGroup>
  <ItemGroup>
    <ClInclude Include="Camera.h">
      <Filter>Common</Filter>
    </ClInclude>
    <ClInclude Include="Collision.h">
      <Filter>Common</Filter>
    </ClInclude>
    <ClInclude Include="DDSTextureLoader.h">
      <Filter>Common</Filter>
    </ClInclude>
    <ClInclude Include="DXTrace.h">
      <Filter>Common</Filter>
    </ClInclude>
    <ClInclude Include="EffectHelper.h">
      <Filter>Effect</Filter>
    </ClInclude>
    <ClInclude Include="Effects.h">
      <Filter>Effect</Filter>
    </ClInclude>
    <ClInclude Include="GameTimer.h">
      <Filter>Common</Filter>
    </ClInclude>
    <ClInclude Include="Keyboard.h">
      <Filter>Common</Filter>
    </ClInclude>
    <ClInclude Include="LightHelper.h">
      <Filter>Common</Filter>
    </ClInclude>
    <ClInclude Include="LoadModel.h">
      <Filter>Header</Filter>
    </ClInclude>
    <ClInclude Include="MiniTown.h">
      <Filter>Header</Filter>
    </ClInclude>
    <ClInclude Include="MiniTownSettings.h">
      <Filter>Header</Filter>
    </ClInclude>
    <ClInclude Include="Model.h">
      <Filter>Header</Filter>
    </ClInclude>
    <ClInclude Include="Mouse.h">
      <Filter>Common</Filter>
    </ClInclude>
    <ClInclude Include="Realize.h">
      <Filter>Header</Filter>
    </ClInclude>
    <ClInclude Include="Render.h">
      <Filter>Header</Filter>
    </ClInclude>
    <ClInclude Include="SkyBox.h">
      <Filter>Effect</Filter>
    </ClInclude>
    <ClInclude Include="Tex.h">
      <Filter>Header</Filter>
    </ClInclude>
    <ClInclude Include="Transformation.h">
      <Filter>Header</Filter>
    </ClInclude>
    <ClInclude Include="Vertex.h">
      <Filter>Header</Filter>
    </ClInclude>
    <ClInclude Include="WICTextureLoader.h">
      <Filter>Common</Filter>
    </ClInclude>
  </ItemGroup>
  <ItemGroup>
    <None Include="HLSL\Basic.hlsli">
      <Filter>Effect</Filter>
    </None>
    <None Include="HLSL\LightHelper.hlsli">
      <Filter>Effect</Filter>
    </None>
    <None Include="HLSL\Sky.hlsli">
      <Filter>Effect</Filter>
    </None>
  </ItemGroup>
  <ItemGroup>
    <Filter Include="Effect">
      <UniqueIdentifier>{e6672265-bf9f-4938-928a-c5a2954a2649}</UniqueIdentifier>
    </Filter>
    <Filter Include="Common">
      <UniqueIdentifier>{4f89e262-4b06-4f98-ab54-f18fa9def57c}</UniqueIdentifier>
    </Filter>
    <Filter Include="Header">
      <UniqueIdentifier>{0592d93b-589b-4a15-860c-dcf840e2d408}</UniqueIdentifier>
    </Filter>
    <Filter Include="Source">
      <UniqueIdentifier>{7611a403-bce5-4f88-ae4d-eb1f78d4439a}</UniqueIdentifier>
    </Filter>
  </ItemGroup>
</Project>